{
  "originHash" : "09b7b7836d9f7d997a744d443296aae01600e87ed016553614f40b3066d3812a",
  "pins" : [
    {
      "identity" : "bencodekit",
      "kind" : "remoteSourceControl",
      "location" : "https://github.com/Samasaur1/BencodeKit",
      "state" : {
        "branch" : "main",
        "revision" : "0489f12bd8b480cdd3b192b7ba0c123f8bf39a55"
      }
    },
    {
      "identity" : "flyingfox",
      "kind" : "remoteSourceControl",
      "location" : "https://github.com/swhitty/FlyingFox",
      "state" : {
        "revision" : "0285d3e846f48abad71d4cf143afacbc33b19b45",
        "version" : "0.21.0"
      }
    },
    {
      "identity" : "rainbow",
      "kind" : "remoteSourceControl",
      "location" : "https://github.com/onevcat/Rainbow",
      "state" : {
        "revision" : "0c627a4f8a39ef37eadec1ceec02e4a7f55561ac",
        "version" : "4.1.0"
      }
    }
  ],
  "version" : 3
}
