{
  "originHash" : "0d7afab8937f679a554ed7255f9ca338bd5b9353c32dfd28f652b7fda4e116fa",
  "pins" : [
    {
      "identity" : "bencodekit",
      "kind" : "remoteSourceControl",
      "location" : "https://github.com/Samasaur1/BencodeKit",
      "state" : {
        "branch" : "main",
        "revision" : "0489f12bd8b480cdd3b192b7ba0c123f8bf39a55"
      }
    },
    {
      "identity" : "flyingfox",
      "kind" : "remoteSourceControl",
      "location" : "https://github.com/swhitty/FlyingFox",
      "state" : {
        "revision" : "0285d3e846f48abad71d4cf143afacbc33b19b45",
        "version" : "0.21.0"
      }
    }
  ],
  "version" : 3
}
